{
  "name": "3d_backplate",
  "version": "1.0.0",
  "lockfileVersion": 3,
  "requires": true,
  "packages": {
    "": {
      "name": "3d_backplate",
      "version": "1.0.0",
      "license": "ISC",
      "dependencies": {
        "@jscad/modeling": "^2.12.7"
      },
      "devDependencies": {
        "@jscad/cli": "^2.3.7",
        "@types/node": "^26.1.0"
      }
    },
    "node_modules/@jscad/3mf-serializer": {
      "version": "2.1.16",
      "resolved": "https://registry.npmjs.org/@jscad/3mf-serializer/-/3mf-serializer-2.1.16.tgz",
      "integrity": "sha512-DGKLGKO/heJ560FbC+H4S9DYailBpVdC4R4Eu4+xZHMZdZwq/p5yVsEN4mUljYYjYZmyB8Ij+IJH0IRYPCSVuQ==",
      "dev": true,
      "license": "MIT",
      "dependencies": {
        "@jscad/array-utils": "2.1.4",
        "@jscad/modeling": "2.12.7",
        "fflate": "0.7.3",
        "onml": "1.2.0"
      }
    },
    "node_modules/@jscad/amf-deserializer": {
      "version": "2.3.12",
      "resolved": "https://registry.npmjs.org/@jscad/amf-deserializer/-/amf-deserializer-2.3.12.tgz",
      "integrity": "sha512-snlt6DaivGVcblKw/o9MWfKhjZWlnU4OfTGwM9MFNNt3ZSWJnfvLMvA5gPGce1+23CmQ3cFs24gkNSBC6De3Ng==",
      "dev": true,
      "license": "MIT",
      "dependencies": {
        "@jscad/io-utils": "2.0.32",
        "@jscad/modeling": "2.12.7",
        "saxes": "5.0.1"
      }
    },
    "node_modules/@jscad/amf-serializer": {
      "version": "2.1.22",
      "resolved": "https://registry.npmjs.org/@jscad/amf-serializer/-/amf-serializer-2.1.22.tgz",
      "integrity": "sha512-Bpz1AyzJVABDb4b9lEnRPsXIrGzhdgqDcg0An3lwhNIDlu3I/t3gJOlhRIJ1HTXdwarA/KV7YcEiGbEUW6MZlA==",
      "dev": true,
      "license": "MIT",
      "dependencies": {
        "@jscad/array-utils": "2.1.4",
        "@jscad/modeling": "2.12.7",
        "onml": "1.3.0"
      }
    },
    "node_modules/@jscad/amf-serializer/node_modules/onml": {
      "version": "1.3.0",
      "resolved": "https://registry.npmjs.org/onml/-/onml-1.3.0.tgz",
      "integrity": "sha512-RhGUsC6Im2A5vAdIvxE3auRKTqrqUZQl/AYLn8+9lM3SO4da5bwhcI5TcM+hfQxNCSLLOVErsl9p0ZPjKKmz+g==",
      "dev": true,
      "license": "MIT",
      "dependencies": {
        "sax": "^1.2.1"
      }
    },
    "node_modules/@jscad/array-utils": {
      "version": "2.1.4",
      "resolved": "https://registry.npmjs.org/@jscad/array-utils/-/array-utils-2.1.4.tgz",
      "integrity": "sha512-c31r4zSKsE+4Xfwk2V8monDA0hx5G89QGzaakWVUvuGNowYS9WSsYCwHiTIXodjR+HEnDu4okQ7k/whmP0Ne2g==",
      "dev": true,
      "license": "MIT"
    },
    "node_modules/@jscad/cli": {
      "version": "2.3.7",
      "resolved": "https://registry.npmjs.org/@jscad/cli/-/cli-2.3.7.tgz",
      "integrity": "sha512-YYLz6a7llA/bRh1iJs57g1ekNEOLYpFlMy5QkDLtVwXWgW5iRYm/5Hn1Ev59gCdTmOmUqezf2weibQMnJ2YMkw==",
      "dev": true,
      "hasInstallScript": true,
      "license": "MIT",
      "dependencies": {
        "@jscad/array-utils": "2.1.4",
        "@jscad/core": "2.6.14",
        "@jscad/io": "2.4.13",
        "@jscad/modeling": "2.12.7",
        "jszip": "^3.10.1"
      },
      "bin": {
        "jscad": "cli.js"
      }
    },
    "node_modules/@jscad/core": {
      "version": "2.6.14",
      "resolved": "https://registry.npmjs.org/@jscad/core/-/core-2.6.14.tgz",
      "integrity": "sha512-Nn/mOqfYoXg7eJiz/hlChLCvq4KwEqEQIJOhkMByMSHRRP290XLTqeMCIRY5RnYc6Qo1uMC8xMvjd94xkpgQgQ==",
      "dev": true,
      "license": "MIT",
      "dependencies": {
        "@jscad/array-utils": "2.1.4",
        "@jscad/io": "2.4.13",
        "@jscad/io-utils": "2.0.32",
        "@jscad/modeling": "2.12.7",
        "json5": "2.2.3",
        "strip-bom": "4.0.0"
      }
    },
    "node_modules/@jscad/dxf-deserializer": {
      "version": "2.3.29",
      "resolved": "https://registry.npmjs.org/@jscad/dxf-deserializer/-/dxf-deserializer-2.3.29.tgz",
      "integrity": "sha512-fHS1+4xhwh8nikbAnuK2rM6LxQWraFZAdH2J9MVJsEySmBCF3u4RhNIimqtkKjZffC1F7544DcTgwLh5HVvpOw==",
      "dev": true,
      "license": "MIT",
      "dependencies": {
        "@jscad/io-utils": "2.0.32",
        "@jscad/modeling": "2.12.7"
      }
    },
    "node_modules/@jscad/dxf-serializer": {
      "version": "2.1.22",
      "resolved": "https://registry.npmjs.org/@jscad/dxf-serializer/-/dxf-serializer-2.1.22.tgz",
      "integrity": "sha512-SljHd3PIcJab+jEWl1AjBHzWrTf9WdrxUgoytjCEOoGK/bKGquOFHtJ9b6SSYzLBW9QnmVagotIvtv0ms499fQ==",
      "dev": true,
      "license": "MIT",
      "dependencies": {
        "@jscad/array-utils": "2.1.4",
        "@jscad/modeling": "2.12.7"
      }
    },
    "node_modules/@jscad/io": {
      "version": "2.4.13",
      "resolved": "https://registry.npmjs.org/@jscad/io/-/io-2.4.13.tgz",
      "integrity": "sha512-FePJSiDGn/yhkhwUnDreyA7oKoUwJGbfgHarDG3fuWwddJQH5+l7JJMWj95kzhCltTi5AXPByFOYjsOdblfpXw==",
      "dev": true,
      "license": "MIT",
      "dependencies": {
        "@jscad/3mf-serializer": "2.1.16",
        "@jscad/amf-deserializer": "2.3.12",
        "@jscad/amf-serializer": "2.1.22",
        "@jscad/array-utils": "2.1.4",
        "@jscad/dxf-deserializer": "2.3.29",
        "@jscad/dxf-serializer": "2.1.22",
        "@jscad/io-utils": "2.0.32",
        "@jscad/json-deserializer": "2.0.33",
        "@jscad/json-serializer": "2.0.32",
        "@jscad/modeling": "2.12.7",
        "@jscad/obj-deserializer": "2.0.32",
        "@jscad/obj-serializer": "2.1.22",
        "@jscad/stl-deserializer": "2.1.29",
        "@jscad/stl-serializer": "2.1.22",
        "@jscad/svg-deserializer": "2.5.13",
        "@jscad/svg-serializer": "2.3.20",
        "@jscad/x3d-deserializer": "2.2.12",
        "@jscad/x3d-serializer": "2.4.12"
      }
    },
    "node_modules/@jscad/io-utils": {
      "version": "2.0.32",
      "resolved": "https://registry.npmjs.org/@jscad/io-utils/-/io-utils-2.0.32.tgz",
      "integrity": "sha512-UP/TWjIUg4xBBENK078ay0zs21+OW/ipynHAv0n0RUDQsJnVahFRoRIdi77GsKdpk1aL6XT8p7wte0OVeYx9/A==",
      "dev": true,
      "license": "MIT"
    },
    "node_modules/@jscad/json-deserializer": {
      "version": "2.0.33",
      "resolved": "https://registry.npmjs.org/@jscad/json-deserializer/-/json-deserializer-2.0.33.tgz",
      "integrity": "sha512-H4CchCT6OdLlJlouq7L4RCdAX26AFj8kRTEuPz/2Ll2KePWLbBdMrwTAAaD9sEQo+xl5jTJ8u1yW0d91tHfa0A==",
      "dev": true,
      "license": "MIT",
      "dependencies": {
        "@jscad/array-utils": "2.1.4",
        "@jscad/io-utils": "2.0.32"
      }
    },
    "node_modules/@jscad/json-serializer": {
      "version": "2.0.32",
      "resolved": "https://registry.npmjs.org/@jscad/json-serializer/-/json-serializer-2.0.32.tgz",
      "integrity": "sha512-GzUVPkwvL/dBjk4mq88SVWAYRebgMiduDYOeJsNbRATjeGWfuZ2+PaWyEoZ7PFDw+pGYGxWvscVBQguYhntLEQ==",
      "dev": true,
      "license": "MIT",
      "dependencies": {
        "@jscad/modeling": "2.12.7"
      }
    },
    "node_modules/@jscad/modeling": {
      "version": "2.12.7",
      "resolved": "https://registry.npmjs.org/@jscad/modeling/-/modeling-2.12.7.tgz",
      "integrity": "sha512-vxFHfeMXMFpGo2hwu32KF0S+cCC10xHdkzOMJf9SB+5o/O+7HBTBZKOJYljzTAGsSKko6d3KvmXuk2QJjOlr6w==",
      "license": "MIT"
    },
    "node_modules/@jscad/obj-deserializer": {
      "version": "2.0.32",
      "resolved": "https://registry.npmjs.org/@jscad/obj-deserializer/-/obj-deserializer-2.0.32.tgz",
      "integrity": "sha512-dIWLCH7LAFVt/WRjI8BdeYN5cINEDa9mTDbTYkY7+889p62r4t/GdIMd/xJqC4fPllu0E0Zy91fQK55sa5B0eA==",
      "dev": true,
      "license": "MIT",
      "dependencies": {
        "@jscad/io-utils": "2.0.32",
        "@jscad/modeling": "2.12.7"
      }
    },
    "node_modules/@jscad/obj-serializer": {
      "version": "2.1.22",
      "resolved": "https://registry.npmjs.org/@jscad/obj-serializer/-/obj-serializer-2.1.22.tgz",
      "integrity": "sha512-nnU8NZywtynSYMeIJNBn60+eMbR3mxwYUJYO0IrguzgjPFDUX+pKMsGgdtZ+tb0ctlmG75gVTzjq3WBK8GFtNw==",
      "dev": true,
      "license": "MIT",
      "dependencies": {
        "@jscad/array-utils": "2.1.4",
        "@jscad/modeling": "2.12.7"
      }
    },
    "node_modules/@jscad/stl-deserializer": {
      "version": "2.1.29",
      "resolved": "https://registry.npmjs.org/@jscad/stl-deserializer/-/stl-deserializer-2.1.29.tgz",
      "integrity": "sha512-YXKNA9FCvlwN55gu3yvH95hLhjAsyx+QXccNIh9DOyoO5yB3Grd/nNG/k8KJNLFmWvhAHy3F5AhaZlKYlSJd3Q==",
      "dev": true,
      "license": "MIT",
      "dependencies": {
        "@jscad/io-utils": "2.0.32",
        "@jscad/modeling": "2.12.7"
      }
    },
    "node_modules/@jscad/stl-serializer": {
      "version": "2.1.22",
      "resolved": "https://registry.npmjs.org/@jscad/stl-serializer/-/stl-serializer-2.1.22.tgz",
      "integrity": "sha512-GjfM5D56Rthoix/vmHMnsGbEIeAdBP0cQY718VERQuGcxKrF8FUhwbPzb2/8YPCLEH8QiK42FRHQjvgP4d3F9g==",
      "dev": true,
      "license": "MIT",
      "dependencies": {
        "@jscad/array-utils": "2.1.4",
        "@jscad/modeling": "2.12.7"
      }
    },
    "node_modules/@jscad/svg-deserializer": {
      "version": "2.5.13",
      "resolved": "https://registry.npmjs.org/@jscad/svg-deserializer/-/svg-deserializer-2.5.13.tgz",
      "integrity": "sha512-ZnyFrErtmj6UCq+xvq4Bp7VgWdmReORB26f0N7ED3OdIc8Z8mgRokzqasl6XdBWGD3aTQWO+GENp49zNu0YgQA==",
      "dev": true,
      "license": "MIT",
      "dependencies": {
        "@jscad/array-utils": "2.1.4",
        "@jscad/io-utils": "2.0.32",
        "@jscad/modeling": "2.12.7",
        "saxes": "5.0.1"
      }
    },
    "node_modules/@jscad/svg-serializer": {
      "version": "2.3.20",
      "resolved": "https://registry.npmjs.org/@jscad/svg-serializer/-/svg-serializer-2.3.20.tgz",
      "integrity": "sha512-wzjlNNnalzIVrSRvfWuv55sjiHDwUNAaE0xB0PJZs9WPTOCezPs1xLiHUp0Po3WDR1Yb4Itex5EQ5AfkXF9CJw==",
      "dev": true,
      "license": "MIT",
      "dependencies": {
        "@jscad/modeling": "2.12.7",
        "onml": "1.3.0"
      }
    },
    "node_modules/@jscad/svg-serializer/node_modules/onml": {
      "version": "1.3.0",
      "resolved": "https://registry.npmjs.org/onml/-/onml-1.3.0.tgz",
      "integrity": "sha512-RhGUsC6Im2A5vAdIvxE3auRKTqrqUZQl/AYLn8+9lM3SO4da5bwhcI5TcM+hfQxNCSLLOVErsl9p0ZPjKKmz+g==",
      "dev": true,
      "license": "MIT",
      "dependencies": {
        "sax": "^1.2.1"
      }
    },
    "node_modules/@jscad/x3d-deserializer": {
      "version": "2.2.12",
      "resolved": "https://registry.npmjs.org/@jscad/x3d-deserializer/-/x3d-deserializer-2.2.12.tgz",
      "integrity": "sha512-uiGBwRt625VlFzt/zUwuw0hpM6F0hj7J0ERaPpJT04uBPajWa54QnZ+9KU0Ob82Aoi2+3oiPRgHdQ6llr2C/vg==",
      "dev": true,
      "license": "MIT",
      "dependencies": {
        "@jscad/array-utils": "2.1.4",
        "@jscad/io-utils": "2.0.32",
        "@jscad/modeling": "2.12.7",
        "saxes": "5.0.1"
      }
    },
    "node_modules/@jscad/x3d-serializer": {
      "version": "2.4.12",
      "resolved": "https://registry.npmjs.org/@jscad/x3d-serializer/-/x3d-serializer-2.4.12.tgz",
      "integrity": "sha512-XwNrlGz24VmobqzJaibKx69hR2yYTOz7sBN12w/mAg9Gp4wLbz4aprHzbU1LKExlP/8LR2xyWRpr8nuk792RoA==",
      "dev": true,
      "license": "MIT",
      "dependencies": {
        "@jscad/array-utils": "2.1.4",
        "@jscad/modeling": "2.12.7",
        "onml": "1.3.0"
      }
    },
    "node_modules/@jscad/x3d-serializer/node_modules/onml": {
      "version": "1.3.0",
      "resolved": "https://registry.npmjs.org/onml/-/onml-1.3.0.tgz",
      "integrity": "sha512-RhGUsC6Im2A5vAdIvxE3auRKTqrqUZQl/AYLn8+9lM3SO4da5bwhcI5TcM+hfQxNCSLLOVErsl9p0ZPjKKmz+g==",
      "dev": true,
      "license": "MIT",
      "dependencies": {
        "sax": "^1.2.1"
      }
    },
    "node_modules/@types/node": {
      "version": "26.1.0",
      "resolved": "https://registry.npmjs.org/@types/node/-/node-26.1.0.tgz",
      "integrity": "sha512-O0A1G3xPGy4w7AgQdAQYUlQ+BKk2Oovw8eRpofyp5KdBZULnbe+WqaOVNrm705SHphCiG4XHsACrSmPu1f+Kgw==",
      "dev": true,
      "license": "MIT",
      "dependencies": {
        "undici-types": "~8.3.0"
      }
    },
    "node_modules/core-util-is": {
      "version": "1.0.3",
      "resolved": "https://registry.npmjs.org/core-util-is/-/core-util-is-1.0.3.tgz",
      "integrity": "sha512-ZQBvi1DcpJ4GDqanjucZ2Hj3wEO5pZDS89BWbkcrvdxksJorwUDDZamX9ldFkp9aw2lmBDLgkObEA4DWNJ9FYQ==",
      "dev": true,
      "license": "MIT"
    },
    "node_modules/fflate": {
      "version": "0.7.3",
      "resolved": "https://registry.npmjs.org/fflate/-/fflate-0.7.3.tgz",
      "integrity": "sha512-0Zz1jOzJWERhyhsimS54VTqOteCNwRtIlh8isdL0AXLo0g7xNTfTL7oWrkmCnPhZGocKIkWHBistBrrpoNH3aw==",
      "dev": true,
      "license": "MIT"
    },
    "node_modules/immediate": {
      "version": "3.0.6",
      "resolved": "https://registry.npmjs.org/immediate/-/immediate-3.0.6.tgz",
      "integrity": "sha512-XXOFtyqDjNDAQxVfYxuF7g9Il/IbWmmlQg2MYKOH8ExIT1qg6xc4zyS3HaEEATgs1btfzxq15ciUiY7gjSXRGQ==",
      "dev": true,
      "license": "MIT"
    },
    "node_modules/inherits": {
      "version": "2.0.4",
      "resolved": "https://registry.npmjs.org/inherits/-/inherits-2.0.4.tgz",
      "integrity": "sha512-k/vGaX4/Yla3WzyMCvTQOXYeIHvqOKtnqBduzTHpzpQZzAskKMhZ2K+EnBiSM9zGSoIFeMpXKxa4dYeZIQqewQ==",
      "dev": true,
      "license": "ISC"
    },
    "node_modules/isarray": {
      "version": "1.0.0",
      "resolved": "https://registry.npmjs.org/isarray/-/isarray-1.0.0.tgz",
      "integrity": "sha512-VLghIWNM6ELQzo7zwmcg0NmTVyWKYjvIeM83yjp0wRDTmUnrM678fQbcKBo6n2CJEF0szoG//ytg+TKla89ALQ==",
      "dev": true,
      "license": "MIT"
    },
    "node_modules/json5": {
      "version": "2.2.3",
      "resolved": "https://registry.npmjs.org/json5/-/json5-2.2.3.tgz",
      "integrity": "sha512-XmOWe7eyHYH14cLdVPoyg+GOH3rYX++KpzrylJwSW98t3Nk+U8XOl8FWKOgwtzdb8lXGf6zYwDUzeHMWfxasyg==",
      "dev": true,
      "license": "MIT",
      "bin": {
        "json5": "lib/cli.js"
      },
      "engines": {
        "node": ">=6"
      }
    },
    "node_modules/jszip": {
      "version": "3.10.1",
      "resolved": "https://registry.npmjs.org/jszip/-/jszip-3.10.1.tgz",
      "integrity": "sha512-xXDvecyTpGLrqFrvkrUSoxxfJI5AH7U8zxxtVclpsUtMCq4JQ290LY8AW5c7Ggnr/Y/oK+bQMbqK2qmtk3pN4g==",
      "dev": true,
      "license": "(MIT OR GPL-3.0-or-later)",
      "dependencies": {
        "lie": "~3.3.0",
        "pako": "~1.0.2",
        "readable-stream": "~2.3.6",
        "setimmediate": "^1.0.5"
      }
    },
    "node_modules/lie": {
      "version": "3.3.0",
      "resolved": "https://registry.npmjs.org/lie/-/lie-3.3.0.tgz",
      "integrity": "sha512-UaiMJzeWRlEujzAuw5LokY1L5ecNQYZKfmyZ9L7wDHb/p5etKaxXhohBcrw0EYby+G/NA52vRSN4N39dxHAIwQ==",
      "dev": true,
      "license": "MIT",
      "dependencies": {
        "immediate": "~3.0.5"
      }
    },
    "node_modules/onml": {
      "version": "1.2.0",
      "resolved": "https://registry.npmjs.org/onml/-/onml-1.2.0.tgz",
      "integrity": "sha512-olqYAg18XoHAhm7tK9DdBCOVdts70DGmMgCNLOWyqZokht2utgGSKBB4JHi6pBZpmioAhcYlxK+91L3tsrz+GA==",
      "dev": true,
      "license": "MIT",
      "dependencies": {
        "sax": "^1.2.1"
      }
    },
    "node_modules/pako": {
      "version": "1.0.11",
      "resolved": "https://registry.npmjs.org/pako/-/pako-1.0.11.tgz",
      "integrity": "sha512-4hLB8Py4zZce5s4yd9XzopqwVv/yGNhV1Bl8NTmCq1763HeK2+EwVTv+leGeL13Dnh2wfbqowVPXCIO0z4taYw==",
      "dev": true,
      "license": "(MIT AND Zlib)"
    },
    "node_modules/process-nextick-args": {
      "version": "2.0.1",
      "resolved": "https://registry.npmjs.org/process-nextick-args/-/process-nextick-args-2.0.1.tgz",
      "integrity": "sha512-3ouUOpQhtgrbOa17J7+uxOTpITYWaGP7/AhoR3+A+/1e9skrzelGi/dXzEYyvbxubEF6Wn2ypscTKiKJFFn1ag==",
      "dev": true,
      "license": "MIT"
    },
    "node_modules/readable-stream": {
      "version": "2.3.8",
      "resolved": "https://registry.npmjs.org/readable-stream/-/readable-stream-2.3.8.tgz",
      "integrity": "sha512-8p0AUk4XODgIewSi0l8Epjs+EVnWiK7NoDIEGU0HhE7+ZyY8D1IMY7odu5lRrFXGg71L15KG8QrPmum45RTtdA==",
      "dev": true,
      "license": "MIT",
      "dependencies": {
        "core-util-is": "~1.0.0",
        "inherits": "~2.0.3",
        "isarray": "~1.0.0",
        "process-nextick-args": "~2.0.0",
        "safe-buffer": "~5.1.1",
        "string_decoder": "~1.1.1",
        "util-deprecate": "~1.0.1"
      }
    },
    "node_modules/safe-buffer": {
      "version": "5.1.2",
      "resolved": "https://registry.npmjs.org/safe-buffer/-/safe-buffer-5.1.2.tgz",
      "integrity": "sha512-Gd2UZBJDkXlY7GbJxfsE8/nvKkUEU1G38c1siN6QP6a9PT9MmHB8GnpscSmMJSoF8LOIrt8ud/wPtojys4G6+g==",
      "dev": true,
      "license": "MIT"
    },
    "node_modules/sax": {
      "version": "1.4.4",
      "resolved": "https://registry.npmjs.org/sax/-/sax-1.4.4.tgz",
      "integrity": "sha512-1n3r/tGXO6b6VXMdFT54SHzT9ytu9yr7TaELowdYpMqY/Ao7EnlQGmAQ1+RatX7Tkkdm6hONI2owqNx2aZj5Sw==",
      "dev": true,
      "license": "BlueOak-1.0.0",
      "engines": {
        "node": ">=11.0.0"
      }
    },
    "node_modules/saxes": {
      "version": "5.0.1",
      "resolved": "https://registry.npmjs.org/saxes/-/saxes-5.0.1.tgz",
      "integrity": "sha512-5LBh1Tls8c9xgGjw3QrMwETmTMVk0oFgvrFSvWx62llR2hcEInrKNZ2GZCCuuy2lvWrdl5jhbpeqc5hRYKFOcw==",
      "dev": true,
      "license": "ISC",
      "dependencies": {
        "xmlchars": "^2.2.0"
      },
      "engines": {
        "node": ">=10"
      }
    },
    "node_modules/setimmediate": {
      "version": "1.0.5",
      "resolved": "https://registry.npmjs.org/setimmediate/-/setimmediate-1.0.5.tgz",
      "integrity": "sha512-MATJdZp8sLqDl/68LfQmbP8zKPLQNV6BIZoIgrscFDQ+RsvK/BxeDQOgyxKKoh0y/8h3BqVFnCqQ/gd+reiIXA==",
      "dev": true,
      "license": "MIT"
    },
    "node_modules/string_decoder": {
      "version": "1.1.1",
      "resolved": "https://registry.npmjs.org/string_decoder/-/string_decoder-1.1.1.tgz",
      "integrity": "sha512-n/ShnvDi6FHbbVfviro+WojiFzv+s8MPMHBczVePfUpDJLwoLT0ht1l4YwBCbi8pJAveEEdnkHyPyTP/mzRfwg==",
      "dev": true,
      "license": "MIT",
      "dependencies": {
        "safe-buffer": "~5.1.0"
      }
    },
    "node_modules/strip-bom": {
      "version": "4.0.0",
      "resolved": "https://registry.npmjs.org/strip-bom/-/strip-bom-4.0.0.tgz",
      "integrity": "sha512-3xurFv5tEgii33Zi8Jtp55wEIILR9eh34FAW00PZf+JnSsTmV/ioewSgQl97JHvgjoRGwPShsWm+IdrxB35d0w==",
      "dev": true,
      "license": "MIT",
      "engines": {
        "node": ">=8"
      }
    },
    "node_modules/undici-types": {
      "version": "8.3.0",
      "resolved": "https://registry.npmjs.org/undici-types/-/undici-types-8.3.0.tgz",
      "integrity": "sha512-j375ScV60dom+YkPFIfTLcOiPxkN/buHz5GobjLhixFuANaNs3C9l4GmrWqejgXWJ7BbJcFYpTEUkS1Ge8bpZQ==",
      "dev": true,
      "license": "MIT"
    },
    "node_modules/util-deprecate": {
      "version": "1.0.2",
      "resolved": "https://registry.npmjs.org/util-deprecate/-/util-deprecate-1.0.2.tgz",
      "integrity": "sha512-EPD5q1uXyFxJpCrLnCc1nHnq3gOa6DZBocAIiI2TaSCA7VCJ1UJDMagCzIkXNsUYfD1daK//LTEQ8xiIbrHtcw==",
      "dev": true,
      "license": "MIT"
    },
    "node_modules/xmlchars": {
      "version": "2.2.0",
      "resolved": "https://registry.npmjs.org/xmlchars/-/xmlchars-2.2.0.tgz",
      "integrity": "sha512-JZnDKK8B0RCDw84FNdDAIpZK+JuJw+s7Lz8nksI7SIuU3UXJJslUthsi+uWBUYOwPFwW7W7PRLRfUKpxjtjFCw==",
      "dev": true,
      "license": "MIT"
    }
  }
}
